
Microsoft Visual Studio Solution File, Format Version 12.00
# Visual Studio Version 16
VisualStudioVersion = 16.0.31321.278
MinimumVisualStudioVersion = 10.0.40219.1
Project("{FAE04EC0-301F-11D3-BF4B-00C04F79EFBC}") = "SoundProfiler2", "SoundProfiler2\SoundProfiler2.csproj", "{CAE8C69E-A380-452F-950A-04BAFA61D35C}"
EndProject
Global
	GlobalSection(SolutionConfigurationPlatforms) = preSolution
		Debug|Any CPU = Debug|Any CPU
		Release|Any CPU = Release|Any CPU
	EndGlobalSection
	GlobalSection(ProjectConfigurationPlatforms) = postSolution
		{CAE8C69E-A380-452F-950A-04BAFA61D35C}.Debug|Any CPU.ActiveCfg = Debug|Any CPU
		{CAE8C69E-A380-452F-950A-04BAFA61D35C}.Debug|Any CPU.Build.0 = Debug|Any CPU
		{CAE8C69E-A380-452F-950A-04BAFA61D35C}.Release|Any CPU.ActiveCfg = Release|Any CPU
		{CAE8C69E-A380-452F-950A-04BAFA61D35C}.Release|Any CPU.Build.0 = Release|Any CPU
	EndGlobalSection
	GlobalSection(SolutionProperties) = preSolution
		HideSolutionNode = FALSE
	EndGlobalSection
	GlobalSection(ExtensibilityGlobals) = postSolution
		SolutionGuid = {DC0FC443-13B9-486D-9560-127A7C028E59}
	EndGlobalSection
EndGlobal
